
Microsoft Visual Studio Solution File, Format Version 12.00
# Visual Studio Version 16
VisualStudioVersion = 16.0.30114.128
MinimumVisualStudioVersion = 10.0.40219.1
Project("{9A19103F-16F7-4668-BE54-9A1E7A4F7556}") = "everland", "everland\everland.csproj", "{2B08C01F-A1DE-4FD3-8C20-E029E141B95F}"
EndProject
Project("{9A19103F-16F7-4668-BE54-9A1E7A4F7556}") = "everland.services", "everland.services\everland.services.csproj", "{A6E786FC-886C-4DE6-9AE8-BD9F71C7AD8C}"
EndProject
Project("{FAE04EC0-301F-11D3-BF4B-00C04F79EFBC}") = "everland.console", "everland.console\everland.console.csproj", "{D49C6ED3-3823-4C75-A1B6-3108290D7F7F}"
EndProject
Global
	GlobalSection(SolutionConfigurationPlatforms) = preSolution
		Debug|Any CPU = Debug|Any CPU
		Release|Any CPU = Release|Any CPU
	EndGlobalSection
	GlobalSection(ProjectConfigurationPlatforms) = postSolution
		{2B08C01F-A1DE-4FD3-8C20-E029E141B95F}.Debug|Any CPU.ActiveCfg = Debug|Any CPU
		{2B08C01F-A1DE-4FD3-8C20-E029E141B95F}.Debug|Any CPU.Build.0 = Debug|Any CPU
		{2B08C01F-A1DE-4FD3-8C20-E029E141B95F}.Release|Any CPU.ActiveCfg = Release|Any CPU
		{2B08C01F-A1DE-4FD3-8C20-E029E141B95F}.Release|Any CPU.Build.0 = Release|Any CPU
		{A6E786FC-886C-4DE6-9AE8-BD9F71C7AD8C}.Debug|Any CPU.ActiveCfg = Debug|Any CPU
		{A6E786FC-886C-4DE6-9AE8-BD9F71C7AD8C}.Debug|Any CPU.Build.0 = Debug|Any CPU
		{A6E786FC-886C-4DE6-9AE8-BD9F71C7AD8C}.Release|Any CPU.ActiveCfg = Release|Any CPU
		{A6E786FC-886C-4DE6-9AE8-BD9F71C7AD8C}.Release|Any CPU.Build.0 = Release|Any CPU
		{D49C6ED3-3823-4C75-A1B6-3108290D7F7F}.Debug|Any CPU.ActiveCfg = Debug|Any CPU
		{D49C6ED3-3823-4C75-A1B6-3108290D7F7F}.Debug|Any CPU.Build.0 = Debug|Any CPU
		{D49C6ED3-3823-4C75-A1B6-3108290D7F7F}.Release|Any CPU.ActiveCfg = Release|Any CPU
		{D49C6ED3-3823-4C75-A1B6-3108290D7F7F}.Release|Any CPU.Build.0 = Release|Any CPU
	EndGlobalSection
	GlobalSection(SolutionProperties) = preSolution
		HideSolutionNode = FALSE
	EndGlobalSection
	GlobalSection(ExtensibilityGlobals) = postSolution
		SolutionGuid = {BE174DE4-9A2D-43E7-A116-DD752F7AF3E8}
	EndGlobalSection
EndGlobal
